
Microsoft Visual Studio Solution File, Format Version 12.00
# Visual Studio Version 17
VisualStudioVersion = 17.3.32819.101
MinimumVisualStudioVersion = 10.0.40219.1
Project("{FAE04EC0-301F-11D3-BF4B-00C04F79EFBC}") = "CoBan_Label_Button_Textbox", "CoBan_Label_Button_Textbox\CoBan_Label_Button_Textbox.csproj", "{D3EC86A1-3407-47C0-B003-33DE52A81EFA}"
EndProject
Global
	GlobalSection(SolutionConfigurationPlatforms) = preSolution
		Debug|Any CPU = Debug|Any CPU
		Release|Any CPU = Release|Any CPU
	EndGlobalSection
	GlobalSection(ProjectConfigurationPlatforms) = postSolution
		{D3EC86A1-3407-47C0-B003-33DE52A81EFA}.Debug|Any CPU.ActiveCfg = Debug|Any CPU
		{D3EC86A1-3407-47C0-B003-33DE52A81EFA}.Debug|Any CPU.Build.0 = Debug|Any CPU
		{D3EC86A1-3407-47C0-B003-33DE52A81EFA}.Release|Any CPU.ActiveCfg = Release|Any CPU
		{D3EC86A1-3407-47C0-B003-33DE52A81EFA}.Release|Any CPU.Build.0 = Release|Any CPU
	EndGlobalSection
	GlobalSection(SolutionProperties) = preSolution
		HideSolutionNode = FALSE
	EndGlobalSection
	GlobalSection(ExtensibilityGlobals) = postSolution
		SolutionGuid = {3C598DD3-E632-486E-A012-594985C3332B}
	EndGlobalSection
EndGlobal
